
Microsoft Visual Studio Solution File, Format Version 12.00
# Visual Studio Version 16
VisualStudioVersion = 16.0.31624.102
MinimumVisualStudioVersion = 10.0.40219.1
Project("{8BC9CEB8-8B4A-11D0-8D11-00A0C91BC942}") = "Lab3_OOP", "Lab3_OOP\Lab3_OOP.vcxproj", "{ECDA171A-C729-4ADA-B080-B87BFBFD49CE}"
EndProject
Project("{8BC9CEB8-8B4A-11D0-8D11-00A0C91BC942}") = "Task2", "Task2\Task2.vcxproj", "{5A7CC44C-2496-4CF1-8070-9D14943DC1CD}"
EndProject
Global
	GlobalSection(SolutionConfigurationPlatforms) = preSolution
		Debug|x64 = Debug|x64
		Debug|x86 = Debug|x86
		Release|x64 = Release|x64
		Release|x86 = Release|x86
	EndGlobalSection
	GlobalSection(ProjectConfigurationPlatforms) = postSolution
		{ECDA171A-C729-4ADA-B080-B87BFBFD49CE}.Debug|x64.ActiveCfg = Debug|x64
		{ECDA171A-C729-4ADA-B080-B87BFBFD49CE}.Debug|x64.Build.0 = Debug|x64
		{ECDA171A-C729-4ADA-B080-B87BFBFD49CE}.Debug|x86.ActiveCfg = Debug|Win32
		{ECDA171A-C729-4ADA-B080-B87BFBFD49CE}.Debug|x86.Build.0 = Debug|Win32
		{ECDA171A-C729-4ADA-B080-B87BFBFD49CE}.Release|x64.ActiveCfg = Release|x64
		{ECDA171A-C729-4ADA-B080-B87BFBFD49CE}.Release|x64.Build.0 = Release|x64
		{ECDA171A-C729-4ADA-B080-B87BFBFD49CE}.Release|x86.ActiveCfg = Release|Win32
		{ECDA171A-C729-4ADA-B080-B87BFBFD49CE}.Release|x86.Build.0 = Release|Win32
		{5A7CC44C-2496-4CF1-8070-9D14943DC1CD}.Debug|x64.ActiveCfg = Debug|x64
		{5A7CC44C-2496-4CF1-8070-9D14943DC1CD}.Debug|x64.Build.0 = Debug|x64
		{5A7CC44C-2496-4CF1-8070-9D14943DC1CD}.Debug|x86.ActiveCfg = Debug|Win32
		{5A7CC44C-2496-4CF1-8070-9D14943DC1CD}.Debug|x86.Build.0 = Debug|Win32
		{5A7CC44C-2496-4CF1-8070-9D14943DC1CD}.Release|x64.ActiveCfg = Release|x64
		{5A7CC44C-2496-4CF1-8070-9D14943DC1CD}.Release|x64.Build.0 = Release|x64
		{5A7CC44C-2496-4CF1-8070-9D14943DC1CD}.Release|x86.ActiveCfg = Release|Win32
		{5A7CC44C-2496-4CF1-8070-9D14943DC1CD}.Release|x86.Build.0 = Release|Win32
	EndGlobalSection
	GlobalSection(SolutionProperties) = preSolution
		HideSolutionNode = FALSE
	EndGlobalSection
	GlobalSection(ExtensibilityGlobals) = postSolution
		SolutionGuid = {D54A4649-A5E8-4BBC-97CC-EEC490C0B6D4}
	EndGlobalSection
EndGlobal
